// !$*UTF8*$!
{
	archiveVersion = 1;
	classes = {
	};
	objectVersion = 50;
	objects = {

/* Begin PBXBuildFile section */
		41BC580A25698F970064A49B /* AppDelegate.swift in Sources */ = {isa = PBXBuildFile; fileRef = 41BC580925698F970064A49B /* AppDelegate.swift */; };
		41BC580C25698F970064A49B /* SceneDelegate.swift in Sources */ = {isa = PBXBuildFile; fileRef = 41BC580B25698F970064A49B /* SceneDelegate.swift */; };
		41BC580E25698F970064A49B /* ViewController.swift in Sources */ = {isa = PBXBuildFile; fileRef = 41BC580D25698F970064A49B /* ViewController.swift */; };
		41BC581125698F970064A49B /* Main.storyboard in Resources */ = {isa = PBXBuildFile; fileRef = 41BC580F25698F970064A49B /* Main.storyboard */; };
		41BC581325698F970064A49B /* Assets.xcassets in Resources */ = {isa = PBXBuildFile; fileRef = 41BC581225698F970064A49B /* Assets.xcassets */; };
		41BC581625698F970064A49B /* LaunchScreen.storyboard in Resources */ = {isa = PBXBuildFile; fileRef = 41BC581425698F970064A49B /* LaunchScreen.storyboard */; };
		41BC581F2569A3070064A49B /* ClimaManager.swift in Sources */ = {isa = PBXBuildFile; fileRef = 41BC581E2569A3070064A49B /* ClimaManager.swift */; };
		41BC58222569AD360064A49B /* ClimaData.swift in Sources */ = {isa = PBXBuildFile; fileRef = 41BC58212569AD360064A49B /* ClimaData.swift */; };
		41BC58252569B98C0064A49B /* ClimaModelo.swift in Sources */ = {isa = PBXBuildFile; fileRef = 41BC58242569B98C0064A49B /* ClimaModelo.swift */; };
/* End PBXBuildFile section */

/* Begin PBXFileReference section */
		41BC580625698F970064A49B /* Clima.app */ = {isa = PBXFileReference; explicitFileType = wrapper.application; includeInIndex = 0; path = Clima.app; sourceTree = BUILT_PRODUCTS_DIR; };
		41BC580925698F970064A49B /* AppDelegate.swift */ = {isa = PBXFileReference; lastKnownFileType = sourcecode.swift; path = AppDelegate.swift; sourceTree = "<group>"; };
		41BC580B25698F970064A49B /* SceneDelegate.swift */ = {isa = PBXFileReference; lastKnownFileType = sourcecode.swift; path = SceneDelegate.swift; sourceTree = "<group>"; };
		41BC580D25698F970064A49B /* ViewController.swift */ = {isa = PBXFileReference; lastKnownFileType = sourcecode.swift; path = ViewController.swift; sourceTree = "<group>"; };
		41BC581025698F970064A49B /* Base */ = {isa = PBXFileReference; lastKnownFileType = file.storyboard; name = Base; path = Base.lproj/Main.storyboard; sourceTree = "<group>"; };
		41BC581225698F970064A49B /* Assets.xcassets */ = {isa = PBXFileReference; lastKnownFileType = folder.assetcatalog; path = Assets.xcassets; sourceTree = "<group>"; };
		41BC581525698F970064A49B /* Base */ = {isa = PBXFileReference; lastKnownFileType = file.storyboard; name = Base; path = Base.lproj/LaunchScreen.storyboard; sourceTree = "<group>"; };
		41BC581725698F970064A49B /* Info.plist */ = {isa = PBXFileReference; lastKnownFileType = text.plist.xml; path = Info.plist; sourceTree = "<group>"; };
		41BC581E2569A3070064A49B /* ClimaManager.swift */ = {isa = PBXFileReference; lastKnownFileType = sourcecode.swift; path = ClimaManager.swift; sourceTree = "<group>"; };
		41BC58212569AD360064A49B /* ClimaData.swift */ = {isa = PBXFileReference; lastKnownFileType = sourcecode.swift; path = ClimaData.swift; sourceTree = "<group>"; };
		41BC58242569B98C0064A49B /* ClimaModelo.swift */ = {isa = PBXFileReference; lastKnownFileType = sourcecode.swift; path = ClimaModelo.swift; sourceTree = "<group>"; };
/* End PBXFileReference section */

/* Begin PBXFrameworksBuildPhase section */
		41BC580325698F970064A49B /* Frameworks */ = {
			isa = PBXFrameworksBuildPhase;
			buildActionMask = 2147483647;
			files = (
			);
			runOnlyForDeploymentPostprocessing = 0;
		};
/* End PBXFrameworksBuildPhase section */

/* Begin PBXGroup section */
		41BC57FD25698F970064A49B = {
			isa = PBXGroup;
			children = (
				41BC580825698F970064A49B /* Clima */,
				41BC580725698F970064A49B /* Products */,
			);
			sourceTree = "<group>";
		};
		41BC580725698F970064A49B /* Products */ = {
			isa = PBXGroup;
			children = (
				41BC580625698F970064A49B /* Clima.app */,
			);
			name = Products;
			sourceTree = "<group>";
		};
		41BC580825698F970064A49B /* Clima */ = {
			isa = PBXGroup;
			children = (
				41BC580925698F970064A49B /* AppDelegate.swift */,
				41BC580B25698F970064A49B /* SceneDelegate.swift */,
				41BC580D25698F970064A49B /* ViewController.swift */,
				41BC580F25698F970064A49B /* Main.storyboard */,
				41BC581225698F970064A49B /* Assets.xcassets */,
				41BC581425698F970064A49B /* LaunchScreen.storyboard */,
				41BC581725698F970064A49B /* Info.plist */,
				41BC581E2569A3070064A49B /* ClimaManager.swift */,
				41BC58212569AD360064A49B /* ClimaData.swift */,
				41BC58242569B98C0064A49B /* ClimaModelo.swift */,
			);
			path = Clima;
			sourceTree = "<group>";
		};
/* End PBXGroup section */

/* Begin PBXNativeTarget section */
		41BC580525698F970064A49B /* Clima */ = {
			isa = PBXNativeTarget;
			buildConfigurationList = 41BC581A25698F970064A49B /* Build configuration list for PBXNativeTarget "Clima" */;
			buildPhases = (
				41BC580225698F970064A49B /* Sources */,
				41BC580325698F970064A49B /* Frameworks */,
				41BC580425698F970064A49B /* Resources */,
			);
			buildRules = (
			);
			dependencies = (
			);
			name = Clima;
			productName = Clima;
			productReference = 41BC580625698F970064A49B /* Clima.app */;
			productType = "com.apple.product-type.application";
		};
/* End PBXNativeTarget section */

/* Begin PBXProject section */
		41BC57FE25698F970064A49B /* Project object */ = {
			isa = PBXProject;
			attributes = {
				LastSwiftUpdateCheck = 1220;
				LastUpgradeCheck = 1220;
				TargetAttributes = {
					41BC580525698F970064A49B = {
						CreatedOnToolsVersion = 12.2;
					};
				};
			};
			buildConfigurationList = 41BC580125698F970064A49B /* Build configuration list for PBXProject "Clima" */;
			compatibilityVersion = "Xcode 9.3";
			developmentRegion = en;
			hasScannedForEncodings = 0;
			knownRegions = (
				en,
				Base,
			);
			mainGroup = 41BC57FD25698F970064A49B;
			productRefGroup = 41BC580725698F970064A49B /* Products */;
			projectDirPath = "";
			projectRoot = "";
			targets = (
				41BC580525698F970064A49B /* Clima */,
			);
		};
/* End PBXProject section */

/* Begin PBXResourcesBuildPhase section */
		41BC580425698F970064A49B /* Resources */ = {
			isa = PBXResourcesBuildPhase;
			buildActionMask = 2147483647;
			files = (
				41BC581625698F970064A49B /* LaunchScreen.storyboard in Resources */,
				41BC581325698F970064A49B /* Assets.xcassets in Resources */,
				41BC581125698F970064A49B /* Main.storyboard in Resources */,
			);
			runOnlyForDeploymentPostprocessing = 0;
		};
/* End PBXResourcesBuildPhase section */

/* Begin PBXSourcesBuildPhase section */
		41BC580225698F970064A49B /* Sources */ = {
			isa = PBXSourcesBuildPhase;
			buildActionMask = 2147483647;
			files = (
				41BC58252569B98C0064A49B /* ClimaModelo.swift in Sources */,
				41BC580E25698F970064A49B /* ViewController.swift in Sources */,
				41BC580A25698F970064A49B /* AppDelegate.swift in Sources */,
				41BC581F2569A3070064A49B /* ClimaManager.swift in Sources */,
				41BC580C25698F970064A49B /* SceneDelegate.swift in Sources */,
				41BC58222569AD360064A49B /* ClimaData.swift in Sources */,
			);
			runOnlyForDeploymentPostprocessing = 0;
		};
/* End PBXSourcesBuildPhase section */

/* Begin PBXVariantGroup section */
		41BC580F25698F970064A49B /* Main.storyboard */ = {
			isa = PBXVariantGroup;
			children = (
				41BC581025698F970064A49B /* Base */,
			);
			name = Main.storyboard;
			sourceTree = "<group>";
		};
		41BC581425698F970064A49B /* LaunchScreen.storyboard */ = {
			isa = PBXVariantGroup;
			children = (
				41BC581525698F970064A49B /* Base */,
			);
			name = LaunchScreen.storyboard;
			sourceTree = "<group>";
		};
/* End PBXVariantGroup section */

/* Begin XCBuildConfiguration section */
		41BC581825698F970064A49B /* Debug */ = {
			isa = XCBuildConfiguration;
			buildSettings = {
				ALWAYS_SEARCH_USER_PATHS = NO;
				CLANG_ANALYZER_NONNULL = YES;
				CLANG_ANALYZER_NUMBER_OBJECT_CONVERSION = YES_AGGRESSIVE;
				CLANG_CXX_LANGUAGE_STANDARD = "gnu++14";
				CLANG_CXX_LIBRARY = "libc++";
				CLANG_ENABLE_MODULES = YES;
				CLANG_ENABLE_OBJC_ARC = YES;
				CLANG_ENABLE_OBJC_WEAK = YES;
				CLANG_WARN_BLOCK_CAPTURE_AUTORELEASING = YES;
				CLANG_WARN_BOOL_CONVERSION = YES;
				CLANG_WARN_COMMA = YES;
				CLANG_WARN_CONSTANT_CONVERSION = YES;
				CLANG_WARN_DEPRECATED_OBJC_IMPLEMENTATIONS = YES;
				CLANG_WARN_DIRECT_OBJC_ISA_USAGE = YES_ERROR;
				CLANG_WARN_DOCUMENTATION_COMMENTS = YES;
				CLANG_WARN_EMPTY_BODY = YES;
				CLANG_WARN_ENUM_CONVERSION = YES;
				CLANG_WARN_INFINITE_RECURSION = YES;
				CLANG_WARN_INT_CONVERSION = YES;
				CLANG_WARN_NON_LITERAL_NULL_CONVERSION = YES;
				CLANG_WARN_OBJC_IMPLICIT_RETAIN_SELF = YES;
				CLANG_WARN_OBJC_LITERAL_CONVERSION = YES;
				CLANG_WARN_OBJC_ROOT_CLASS = YES_ERROR;
				CLANG_WARN_QUOTED_INCLUDE_IN_FRAMEWORK_HEADER = YES;
				CLANG_WARN_RANGE_LOOP_ANALYSIS = YES;
				CLANG_WARN_STRICT_PROTOTYPES = YES;
				CLANG_WARN_SUSPICIOUS_MOVE = YES;
				CLANG_WARN_UNGUARDED_AVAILABILITY = YES_AGGRESSIVE;
				CLANG_WARN_UNREACHABLE_CODE = YES;
				CLANG_WARN__DUPLICATE_METHOD_MATCH = YES;
				COPY_PHASE_STRIP = NO;
				DEBUG_INFORMATION_FORMAT = dwarf;
				ENABLE_STRICT_OBJC_MSGSEND = YES;
				ENABLE_TESTABILITY = YES;
				GCC_C_LANGUAGE_STANDARD = gnu11;
				GCC_DYNAMIC_NO_PIC = NO;
				GCC_NO_COMMON_BLOCKS = YES;
				GCC_OPTIMIZATION_LEVEL = 0;
				GCC_PREPROCESSOR_DEFINITIONS = (
					"DEBUG=1",
					"$(inherited)",
				);
				GCC_WARN_64_TO_32_BIT_CONVERSION = YES;
				GCC_WARN_ABOUT_RETURN_TYPE = YES_ERROR;
				GCC_WARN_UNDECLARED_SELECTOR = YES;
				GCC_WARN_UNINITIALIZED_AUTOS = YES_AGGRESSIVE;
				GCC_WARN_UNUSED_FUNCTION = YES;
				GCC_WARN_UNUSED_VARIABLE = YES;
				IPHONEOS_DEPLOYMENT_TARGET = 14.2;
				MTL_ENABLE_DEBUG_INFO = INCLUDE_SOURCE;
				MTL_FAST_MATH = YES;
				ONLY_ACTIVE_ARCH = YES;
				SDKROOT = iphoneos;
				SWIFT_ACTIVE_COMPILATION_CONDITIONS = DEBUG;
				SWIFT_OPTIMIZATION_LEVEL = "-Onone";
			};
			name = Debug;
		};
		41BC581925698F970064A49B /* Release */ = {
			isa = XCBuildConfiguration;
			buildSettings = {
				ALWAYS_SEARCH_USER_PATHS = NO;
				CLANG_ANALYZER_NONNULL = YES;
				CLANG_ANALYZER_NUMBER_OBJECT_CONVERSION = YES_AGGRESSIVE;
				CLANG_CXX_LANGUAGE_STANDARD = "gnu++14";
				CLANG_CXX_LIBRARY = "libc++";
				CLANG_ENABLE_MODULES = YES;
				CLANG_ENABLE_OBJC_ARC = YES;
				CLANG_ENABLE_OBJC_WEAK = YES;
				CLANG_WARN_BLOCK_CAPTURE_AUTORELEASING = YES;
				CLANG_WARN_BOOL_CONVERSION = YES;
				CLANG_WARN_COMMA = YES;
				CLANG_WARN_CONSTANT_CONVERSION = YES;
				CLANG_WARN_DEPRECATED_OBJC_IMPLEMENTATIONS = YES;
				CLANG_WARN_DIRECT_OBJC_ISA_USAGE = YES_ERROR;
				CLANG_WARN_DOCUMENTATION_COMMENTS = YES;
				CLANG_WARN_EMPTY_BODY = YES;
				CLANG_WARN_ENUM_CONVERSION = YES;
				CLANG_WARN_INFINITE_RECURSION = YES;
				CLANG_WARN_INT_CONVERSION = YES;
				CLANG_WARN_NON_LITERAL_NULL_CONVERSION = YES;
				CLANG_WARN_OBJC_IMPLICIT_RETAIN_SELF = YES;
				CLANG_WARN_OBJC_LITERAL_CONVERSION = YES;
				CLANG_WARN_OBJC_ROOT_CLASS = YES_ERROR;
				CLANG_WARN_QUOTED_INCLUDE_IN_FRAMEWORK_HEADER = YES;
				CLANG_WARN_RANGE_LOOP_ANALYSIS = YES;
				CLANG_WARN_STRICT_PROTOTYPES = YES;
				CLANG_WARN_SUSPICIOUS_MOVE = YES;
				CLANG_WARN_UNGUARDED_AVAILABILITY = YES_AGGRESSIVE;
				CLANG_WARN_UNREACHABLE_CODE = YES;
				CLANG_WARN__DUPLICATE_METHOD_MATCH = YES;
				COPY_PHASE_STRIP = NO;
				DEBUG_INFORMATION_FORMAT = "dwarf-with-dsym";
				ENABLE_NS_ASSERTIONS = NO;
				ENABLE_STRICT_OBJC_MSGSEND = YES;
				GCC_C_LANGUAGE_STANDARD = gnu11;
				GCC_NO_COMMON_BLOCKS = YES;
				GCC_WARN_64_TO_32_BIT_CONVERSION = YES;
				GCC_WARN_ABOUT_RETURN_TYPE = YES_ERROR;
				GCC_WARN_UNDECLARED_SELECTOR = YES;
				GCC_WARN_UNINITIALIZED_AUTOS = YES_AGGRESSIVE;
				GCC_WARN_UNUSED_FUNCTION = YES;
				GCC_WARN_UNUSED_VARIABLE = YES;
				IPHONEOS_DEPLOYMENT_TARGET = 14.2;
				MTL_ENABLE_DEBUG_INFO = NO;
				MTL_FAST_MATH = YES;
				SDKROOT = iphoneos;
				SWIFT_COMPILATION_MODE = wholemodule;
				SWIFT_OPTIMIZATION_LEVEL = "-O";
				VALIDATE_PRODUCT = YES;
			};
			name = Release;
		};
		41BC581B25698F970064A49B /* Debug */ = {
			isa = XCBuildConfiguration;
			buildSettings = {
				ASSETCATALOG_COMPILER_APPICON_NAME = AppIcon;
				ASSETCATALOG_COMPILER_GLOBAL_ACCENT_COLOR_NAME = AccentColor;
				CODE_SIGN_STYLE = Automatic;
				INFOPLIST_FILE = Clima/Info.plist;
				LD_RUNPATH_SEARCH_PATHS = (
					"$(inherited)",
					"@executable_path/Frameworks",
				);
				PRODUCT_BUNDLE_IDENTIFIER = clima.Clima;
				PRODUCT_NAME = "$(TARGET_NAME)";
				SWIFT_VERSION = 5.0;
				TARGETED_DEVICE_FAMILY = "1,2";
			};
			name = Debug;
		};
		41BC581C25698F970064A49B /* Release */ = {
			isa = XCBuildConfiguration;
			buildSettings = {
				ASSETCATALOG_COMPILER_APPICON_NAME = AppIcon;
				ASSETCATALOG_COMPILER_GLOBAL_ACCENT_COLOR_NAME = AccentColor;
				CODE_SIGN_STYLE = Automatic;
				INFOPLIST_FILE = Clima/Info.plist;
				LD_RUNPATH_SEARCH_PATHS = (
					"$(inherited)",
					"@executable_path/Frameworks",
				);
				PRODUCT_BUNDLE_IDENTIFIER = clima.Clima;
				PRODUCT_NAME = "$(TARGET_NAME)";
				SWIFT_VERSION = 5.0;
				TARGETED_DEVICE_FAMILY = "1,2";
			};
			name = Release;
		};
/* End XCBuildConfiguration section */

/* Begin XCConfigurationList section */
		41BC580125698F970064A49B /* Build configuration list for PBXProject "Clima" */ = {
			isa = XCConfigurationList;
			buildConfigurations = (
				41BC581825698F970064A49B /* Debug */,
				41BC581925698F970064A49B /* Release */,
			);
			defaultConfigurationIsVisible = 0;
			defaultConfigurationName = Release;
		};
		41BC581A25698F970064A49B /* Build configuration list for PBXNativeTarget "Clima" */ = {
			isa = XCConfigurationList;
			buildConfigurations = (
				41BC581B25698F970064A49B /* Debug */,
				41BC581C25698F970064A49B /* Release */,
			);
			defaultConfigurationIsVisible = 0;
			defaultConfigurationName = Release;
		};
/* End XCConfigurationList section */
	};
	rootObject = 41BC57FE25698F970064A49B /* Project object */;
}
